
Microsoft Visual Studio Solution File, Format Version 12.00
# Visual Studio Version 17
VisualStudioVersion = 17.0.31903.59
MinimumVisualStudioVersion = 10.0.40219.1
Project("{FAE04EC0-301F-11D3-BF4B-00C04F79EFBC}") = "open-im-sdk", "open-im-sdk\open-im-sdk.csproj", "{C673D6A3-53D4-40C0-832A-484ABA62E92F}"
EndProject
Project("{FAE04EC0-301F-11D3-BF4B-00C04F79EFBC}") = "open-im-demo", "open-im-demo\open-im-demo.csproj", "{7F0D7942-7D8F-45DC-A4A1-294DA4ED2851}"
EndProject
Global
	GlobalSection(SolutionConfigurationPlatforms) = preSolution
		Debug|Any CPU = Debug|Any CPU
		Release|Any CPU = Release|Any CPU
	EndGlobalSection
	GlobalSection(SolutionProperties) = preSolution
		HideSolutionNode = FALSE
	EndGlobalSection
	GlobalSection(ProjectConfigurationPlatforms) = postSolution
		{C673D6A3-53D4-40C0-832A-484ABA62E92F}.Debug|Any CPU.ActiveCfg = Debug|Any CPU
		{C673D6A3-53D4-40C0-832A-484ABA62E92F}.Debug|Any CPU.Build.0 = Debug|Any CPU
		{C673D6A3-53D4-40C0-832A-484ABA62E92F}.Release|Any CPU.ActiveCfg = Release|Any CPU
		{C673D6A3-53D4-40C0-832A-484ABA62E92F}.Release|Any CPU.Build.0 = Release|Any CPU
		{7F0D7942-7D8F-45DC-A4A1-294DA4ED2851}.Debug|Any CPU.ActiveCfg = Debug|Any CPU
		{7F0D7942-7D8F-45DC-A4A1-294DA4ED2851}.Debug|Any CPU.Build.0 = Debug|Any CPU
		{7F0D7942-7D8F-45DC-A4A1-294DA4ED2851}.Release|Any CPU.ActiveCfg = Release|Any CPU
		{7F0D7942-7D8F-45DC-A4A1-294DA4ED2851}.Release|Any CPU.Build.0 = Release|Any CPU
	EndGlobalSection
EndGlobal
